
Microsoft Visual Studio Solution File, Format Version 12.00
# Visual Studio Version 17
VisualStudioVersion = 17.10.35004.147
MinimumVisualStudioVersion = 10.0.40219.1
Project("{FAE04EC0-301F-11D3-BF4B-00C04F79EFBC}") = "EDRPrison", "EDRPrison\EDRPrison.csproj", "{9674DF71-0814-4398-8A77-5A32A8CBE61E}"
EndProject
Global
	GlobalSection(SolutionConfigurationPlatforms) = preSolution
		Debug|Any CPU = Debug|Any CPU
		Release|Any CPU = Release|Any CPU
	EndGlobalSection
	GlobalSection(ProjectConfigurationPlatforms) = postSolution
		{9674DF71-0814-4398-8A77-5A32A8CBE61E}.Debug|Any CPU.ActiveCfg = Debug|Any CPU
		{9674DF71-0814-4398-8A77-5A32A8CBE61E}.Debug|Any CPU.Build.0 = Debug|Any CPU
		{9674DF71-0814-4398-8A77-5A32A8CBE61E}.Release|Any CPU.ActiveCfg = Release|Any CPU
		{9674DF71-0814-4398-8A77-5A32A8CBE61E}.Release|Any CPU.Build.0 = Release|Any CPU
	EndGlobalSection
	GlobalSection(SolutionProperties) = preSolution
		HideSolutionNode = FALSE
	EndGlobalSection
	GlobalSection(ExtensibilityGlobals) = postSolution
		SolutionGuid = {A62677DF-A6FA-4D4D-B56B-182A1C171540}
	EndGlobalSection
EndGlobal
